{
  "requires": true,
  "lockfileVersion": 1,
  "dependencies": {
    "flatten": {
      "version": "1.0.2",
      "resolved": "http://registry.npm.taobao.org/flatten/download/flatten-1.0.2.tgz",
      "integrity": "sha1-2uRqnXj74lKSJYzB54CkHZXAN4I="
    },
    "random-to": {
      "version": "0.0.2",
      "resolved": "http://registry.npm.taobao.org/random-to/download/random-to-0.0.2.tgz",
      "integrity": "sha1-RoO58lfPuWSqPXsyPgCKIMboWnY="
    }
  }
}
